// !$*UTF8*$!
{
	archiveVersion = 1;
	classes = {
	};
	objectVersion = 56;
	objects = {

/* Begin PBXBuildFile section */
		FBE7B3AC2BFB489A00A5E227 /* swift_ui_12App.swift in Sources */ = {isa = PBXBuildFile; fileRef = FBE7B3AB2BFB489A00A5E227 /* swift_ui_12App.swift */; };
		FBE7B3AE2BFB489A00A5E227 /* ContentView.swift in Sources */ = {isa = PBXBuildFile; fileRef = FBE7B3AD2BFB489A00A5E227 /* ContentView.swift */; };
		FBE7B3B02BFB489E00A5E227 /* Assets.xcassets in Resources */ = {isa = PBXBuildFile; fileRef = FBE7B3AF2BFB489E00A5E227 /* Assets.xcassets */; };
		FBE7B3B32BFB489E00A5E227 /* Preview Assets.xcassets in Resources */ = {isa = PBXBuildFile; fileRef = FBE7B3B22BFB489E00A5E227 /* Preview Assets.xcassets */; };
		FBE7B3BD2BFB489E00A5E227 /* swift_ui_12Tests.swift in Sources */ = {isa = PBXBuildFile; fileRef = FBE7B3BC2BFB489E00A5E227 /* swift_ui_12Tests.swift */; };
		FBE7B3C72BFB489F00A5E227 /* swift_ui_12UITests.swift in Sources */ = {isa = PBXBuildFile; fileRef = FBE7B3C62BFB489F00A5E227 /* swift_ui_12UITests.swift */; };
		FBE7B3C92BFB489F00A5E227 /* swift_ui_12UITestsLaunchTests.swift in Sources */ = {isa = PBXBuildFile; fileRef = FBE7B3C82BFB489F00A5E227 /* swift_ui_12UITestsLaunchTests.swift */; };
/* End PBXBuildFile section */

/* Begin PBXContainerItemProxy section */
		FBE7B3B92BFB489E00A5E227 /* PBXContainerItemProxy */ = {
			isa = PBXContainerItemProxy;
			containerPortal = FBE7B3A02BFB489A00A5E227 /* Project object */;
			proxyType = 1;
			remoteGlobalIDString = FBE7B3A72BFB489A00A5E227;
			remoteInfo = "swift ui 12";
		};
		FBE7B3C32BFB489F00A5E227 /* PBXContainerItemProxy */ = {
			isa = PBXContainerItemProxy;
			containerPortal = FBE7B3A02BFB489A00A5E227 /* Project object */;
			proxyType = 1;
			remoteGlobalIDString = FBE7B3A72BFB489A00A5E227;
			remoteInfo = "swift ui 12";
		};
/* End PBXContainerItemProxy section */

/* Begin PBXFileReference section */
		FBE7B3A82BFB489A00A5E227 /* swift ui 12.app */ = {isa = PBXFileReference; explicitFileType = wrapper.application; includeInIndex = 0; path = "swift ui 12.app"; sourceTree = BUILT_PRODUCTS_DIR; };
		FBE7B3AB2BFB489A00A5E227 /* swift_ui_12App.swift */ = {isa = PBXFileReference; lastKnownFileType = sourcecode.swift; path = swift_ui_12App.swift; sourceTree = "<group>"; };
		FBE7B3AD2BFB489A00A5E227 /* ContentView.swift */ = {isa = PBXFileReference; lastKnownFileType = sourcecode.swift; path = ContentView.swift; sourceTree = "<group>"; };
		FBE7B3AF2BFB489E00A5E227 /* Assets.xcassets */ = {isa = PBXFileReference; lastKnownFileType = folder.assetcatalog; path = Assets.xcassets; sourceTree = "<group>"; };
		FBE7B3B22BFB489E00A5E227 /* Preview Assets.xcassets */ = {isa = PBXFileReference; lastKnownFileType = folder.assetcatalog; path = "Preview Assets.xcassets"; sourceTree = "<group>"; };
		FBE7B3B82BFB489E00A5E227 /* swift ui 12Tests.xctest */ = {isa = PBXFileReference; explicitFileType = wrapper.cfbundle; includeInIndex = 0; path = "swift ui 12Tests.xctest"; sourceTree = BUILT_PRODUCTS_DIR; };
		FBE7B3BC2BFB489E00A5E227 /* swift_ui_12Tests.swift */ = {isa = PBXFileReference; lastKnownFileType = sourcecode.swift; path = swift_ui_12Tests.swift; sourceTree = "<group>"; };
		FBE7B3C22BFB489F00A5E227 /* swift ui 12UITests.xctest */ = {isa = PBXFileReference; explicitFileType = wrapper.cfbundle; includeInIndex = 0; path = "swift ui 12UITests.xctest"; sourceTree = BUILT_PRODUCTS_DIR; };
		FBE7B3C62BFB489F00A5E227 /* swift_ui_12UITests.swift */ = {isa = PBXFileReference; lastKnownFileType = sourcecode.swift; path = swift_ui_12UITests.swift; sourceTree = "<group>"; };
		FBE7B3C82BFB489F00A5E227 /* swift_ui_12UITestsLaunchTests.swift */ = {isa = PBXFileReference; lastKnownFileType = sourcecode.swift; path = swift_ui_12UITestsLaunchTests.swift; sourceTree = "<group>"; };
/* End PBXFileReference section */

/* Begin PBXFrameworksBuildPhase section */
		FBE7B3A52BFB489A00A5E227 /* Frameworks */ = {
			isa = PBXFrameworksBuildPhase;
			buildActionMask = 2147483647;
			files = (
			);
			runOnlyForDeploymentPostprocessing = 0;
		};
		FBE7B3B52BFB489E00A5E227 /* Frameworks */ = {
			isa = PBXFrameworksBuildPhase;
			buildActionMask = 2147483647;
			files = (
			);
			runOnlyForDeploymentPostprocessing = 0;
		};
		FBE7B3BF2BFB489F00A5E227 /* Frameworks */ = {
			isa = PBXFrameworksBuildPhase;
			buildActionMask = 2147483647;
			files = (
			);
			runOnlyForDeploymentPostprocessing = 0;
		};
/* End PBXFrameworksBuildPhase section */

/* Begin PBXGroup section */
		FBE7B39F2BFB489A00A5E227 = {
			isa = PBXGroup;
			children = (
				FBE7B3AA2BFB489A00A5E227 /* swift ui 12 */,
				FBE7B3BB2BFB489E00A5E227 /* swift ui 12Tests */,
				FBE7B3C52BFB489F00A5E227 /* swift ui 12UITests */,
				FBE7B3A92BFB489A00A5E227 /* Products */,
			);
			sourceTree = "<group>";
		};
		FBE7B3A92BFB489A00A5E227 /* Products */ = {
			isa = PBXGroup;
			children = (
				FBE7B3A82BFB489A00A5E227 /* swift ui 12.app */,
				FBE7B3B82BFB489E00A5E227 /* swift ui 12Tests.xctest */,
				FBE7B3C22BFB489F00A5E227 /* swift ui 12UITests.xctest */,
			);
			name = Products;
			sourceTree = "<group>";
		};
		FBE7B3AA2BFB489A00A5E227 /* swift ui 12 */ = {
			isa = PBXGroup;
			children = (
				FBE7B3AB2BFB489A00A5E227 /* swift_ui_12App.swift */,
				FBE7B3AD2BFB489A00A5E227 /* ContentView.swift */,
				FBE7B3AF2BFB489E00A5E227 /* Assets.xcassets */,
				FBE7B3B12BFB489E00A5E227 /* Preview Content */,
			);
			path = "swift ui 12";
			sourceTree = "<group>";
		};
		FBE7B3B12BFB489E00A5E227 /* Preview Content */ = {
			isa = PBXGroup;
			children = (
				FBE7B3B22BFB489E00A5E227 /* Preview Assets.xcassets */,
			);
			path = "Preview Content";
			sourceTree = "<group>";
		};
		FBE7B3BB2BFB489E00A5E227 /* swift ui 12Tests */ = {
			isa = PBXGroup;
			children = (
				FBE7B3BC2BFB489E00A5E227 /* swift_ui_12Tests.swift */,
			);
			path = "swift ui 12Tests";
			sourceTree = "<group>";
		};
		FBE7B3C52BFB489F00A5E227 /* swift ui 12UITests */ = {
			isa = PBXGroup;
			children = (
				FBE7B3C62BFB489F00A5E227 /* swift_ui_12UITests.swift */,
				FBE7B3C82BFB489F00A5E227 /* swift_ui_12UITestsLaunchTests.swift */,
			);
			path = "swift ui 12UITests";
			sourceTree = "<group>";
		};
/* End PBXGroup section */

/* Begin PBXNativeTarget section */
		FBE7B3A72BFB489A00A5E227 /* swift ui 12 */ = {
			isa = PBXNativeTarget;
			buildConfigurationList = FBE7B3CC2BFB489F00A5E227 /* Build configuration list for PBXNativeTarget "swift ui 12" */;
			buildPhases = (
				FBE7B3A42BFB489A00A5E227 /* Sources */,
				FBE7B3A52BFB489A00A5E227 /* Frameworks */,
				FBE7B3A62BFB489A00A5E227 /* Resources */,
			);
			buildRules = (
			);
			dependencies = (
			);
			name = "swift ui 12";
			productName = "swift ui 12";
			productReference = FBE7B3A82BFB489A00A5E227 /* swift ui 12.app */;
			productType = "com.apple.product-type.application";
		};
		FBE7B3B72BFB489E00A5E227 /* swift ui 12Tests */ = {
			isa = PBXNativeTarget;
			buildConfigurationList = FBE7B3CF2BFB489F00A5E227 /* Build configuration list for PBXNativeTarget "swift ui 12Tests" */;
			buildPhases = (
				FBE7B3B42BFB489E00A5E227 /* Sources */,
				FBE7B3B52BFB489E00A5E227 /* Frameworks */,
				FBE7B3B62BFB489E00A5E227 /* Resources */,
			);
			buildRules = (
			);
			dependencies = (
				FBE7B3BA2BFB489E00A5E227 /* PBXTargetDependency */,
			);
			name = "swift ui 12Tests";
			productName = "swift ui 12Tests";
			productReference = FBE7B3B82BFB489E00A5E227 /* swift ui 12Tests.xctest */;
			productType = "com.apple.product-type.bundle.unit-test";
		};
		FBE7B3C12BFB489F00A5E227 /* swift ui 12UITests */ = {
			isa = PBXNativeTarget;
			buildConfigurationList = FBE7B3D22BFB489F00A5E227 /* Build configuration list for PBXNativeTarget "swift ui 12UITests" */;
			buildPhases = (
				FBE7B3BE2BFB489F00A5E227 /* Sources */,
				FBE7B3BF2BFB489F00A5E227 /* Frameworks */,
				FBE7B3C02BFB489F00A5E227 /* Resources */,
			);
			buildRules = (
			);
			dependencies = (
				FBE7B3C42BFB489F00A5E227 /* PBXTargetDependency */,
			);
			name = "swift ui 12UITests";
			productName = "swift ui 12UITests";
			productReference = FBE7B3C22BFB489F00A5E227 /* swift ui 12UITests.xctest */;
			productType = "com.apple.product-type.bundle.ui-testing";
		};
/* End PBXNativeTarget section */

/* Begin PBXProject section */
		FBE7B3A02BFB489A00A5E227 /* Project object */ = {
			isa = PBXProject;
			attributes = {
				BuildIndependentTargetsInParallel = 1;
				LastSwiftUpdateCheck = 1520;
				LastUpgradeCheck = 1520;
				TargetAttributes = {
					FBE7B3A72BFB489A00A5E227 = {
						CreatedOnToolsVersion = 15.2;
					};
					FBE7B3B72BFB489E00A5E227 = {
						CreatedOnToolsVersion = 15.2;
						TestTargetID = FBE7B3A72BFB489A00A5E227;
					};
					FBE7B3C12BFB489F00A5E227 = {
						CreatedOnToolsVersion = 15.2;
						TestTargetID = FBE7B3A72BFB489A00A5E227;
					};
				};
			};
			buildConfigurationList = FBE7B3A32BFB489A00A5E227 /* Build configuration list for PBXProject "swift ui 12" */;
			compatibilityVersion = "Xcode 14.0";
			developmentRegion = en;
			hasScannedForEncodings = 0;
			knownRegions = (
				en,
				Base,
			);
			mainGroup = FBE7B39F2BFB489A00A5E227;
			productRefGroup = FBE7B3A92BFB489A00A5E227 /* Products */;
			projectDirPath = "";
			projectRoot = "";
			targets = (
				FBE7B3A72BFB489A00A5E227 /* swift ui 12 */,
				FBE7B3B72BFB489E00A5E227 /* swift ui 12Tests */,
				FBE7B3C12BFB489F00A5E227 /* swift ui 12UITests */,
			);
		};
/* End PBXProject section */

/* Begin PBXResourcesBuildPhase section */
		FBE7B3A62BFB489A00A5E227 /* Resources */ = {
			isa = PBXResourcesBuildPhase;
			buildActionMask = 2147483647;
			files = (
				FBE7B3B32BFB489E00A5E227 /* Preview Assets.xcassets in Resources */,
				FBE7B3B02BFB489E00A5E227 /* Assets.xcassets in Resources */,
			);
			runOnlyForDeploymentPostprocessing = 0;
		};
		FBE7B3B62BFB489E00A5E227 /* Resources */ = {
			isa = PBXResourcesBuildPhase;
			buildActionMask = 2147483647;
			files = (
			);
			runOnlyForDeploymentPostprocessing = 0;
		};
		FBE7B3C02BFB489F00A5E227 /* Resources */ = {
			isa = PBXResourcesBuildPhase;
			buildActionMask = 2147483647;
			files = (
			);
			runOnlyForDeploymentPostprocessing = 0;
		};
/* End PBXResourcesBuildPhase section */

/* Begin PBXSourcesBuildPhase section */
		FBE7B3A42BFB489A00A5E227 /* Sources */ = {
			isa = PBXSourcesBuildPhase;
			buildActionMask = 2147483647;
			files = (
				FBE7B3AE2BFB489A00A5E227 /* ContentView.swift in Sources */,
				FBE7B3AC2BFB489A00A5E227 /* swift_ui_12App.swift in Sources */,
			);
			runOnlyForDeploymentPostprocessing = 0;
		};
		FBE7B3B42BFB489E00A5E227 /* Sources */ = {
			isa = PBXSourcesBuildPhase;
			buildActionMask = 2147483647;
			files = (
				FBE7B3BD2BFB489E00A5E227 /* swift_ui_12Tests.swift in Sources */,
			);
			runOnlyForDeploymentPostprocessing = 0;
		};
		FBE7B3BE2BFB489F00A5E227 /* Sources */ = {
			isa = PBXSourcesBuildPhase;
			buildActionMask = 2147483647;
			files = (
				FBE7B3C72BFB489F00A5E227 /* swift_ui_12UITests.swift in Sources */,
				FBE7B3C92BFB489F00A5E227 /* swift_ui_12UITestsLaunchTests.swift in Sources */,
			);
			runOnlyForDeploymentPostprocessing = 0;
		};
/* End PBXSourcesBuildPhase section */

/* Begin PBXTargetDependency section */
		FBE7B3BA2BFB489E00A5E227 /* PBXTargetDependency */ = {
			isa = PBXTargetDependency;
			target = FBE7B3A72BFB489A00A5E227 /* swift ui 12 */;
			targetProxy = FBE7B3B92BFB489E00A5E227 /* PBXContainerItemProxy */;
		};
		FBE7B3C42BFB489F00A5E227 /* PBXTargetDependency */ = {
			isa = PBXTargetDependency;
			target = FBE7B3A72BFB489A00A5E227 /* swift ui 12 */;
			targetProxy = FBE7B3C32BFB489F00A5E227 /* PBXContainerItemProxy */;
		};
/* End PBXTargetDependency section */

/* Begin XCBuildConfiguration section */
		FBE7B3CA2BFB489F00A5E227 /* Debug */ = {
			isa = XCBuildConfiguration;
			buildSettings = {
				ALWAYS_SEARCH_USER_PATHS = NO;
				ASSETCATALOG_COMPILER_GENERATE_SWIFT_ASSET_SYMBOL_EXTENSIONS = YES;
				CLANG_ANALYZER_NONNULL = YES;
				CLANG_ANALYZER_NUMBER_OBJECT_CONVERSION = YES_AGGRESSIVE;
				CLANG_CXX_LANGUAGE_STANDARD = "gnu++20";
				CLANG_ENABLE_MODULES = YES;
				CLANG_ENABLE_OBJC_ARC = YES;
				CLANG_ENABLE_OBJC_WEAK = YES;
				CLANG_WARN_BLOCK_CAPTURE_AUTORELEASING = YES;
				CLANG_WARN_BOOL_CONVERSION = YES;
				CLANG_WARN_COMMA = YES;
				CLANG_WARN_CONSTANT_CONVERSION = YES;
				CLANG_WARN_DEPRECATED_OBJC_IMPLEMENTATIONS = YES;
				CLANG_WARN_DIRECT_OBJC_ISA_USAGE = YES_ERROR;
				CLANG_WARN_DOCUMENTATION_COMMENTS = YES;
				CLANG_WARN_EMPTY_BODY = YES;
				CLANG_WARN_ENUM_CONVERSION = YES;
				CLANG_WARN_INFINITE_RECURSION = YES;
				CLANG_WARN_INT_CONVERSION = YES;
				CLANG_WARN_NON_LITERAL_NULL_CONVERSION = YES;
				CLANG_WARN_OBJC_IMPLICIT_RETAIN_SELF = YES;
				CLANG_WARN_OBJC_LITERAL_CONVERSION = YES;
				CLANG_WARN_OBJC_ROOT_CLASS = YES_ERROR;
				CLANG_WARN_QUOTED_INCLUDE_IN_FRAMEWORK_HEADER = YES;
				CLANG_WARN_RANGE_LOOP_ANALYSIS = YES;
				CLANG_WARN_STRICT_PROTOTYPES = YES;
				CLANG_WARN_SUSPICIOUS_MOVE = YES;
				CLANG_WARN_UNGUARDED_AVAILABILITY = YES_AGGRESSIVE;
				CLANG_WARN_UNREACHABLE_CODE = YES;
				CLANG_WARN__DUPLICATE_METHOD_MATCH = YES;
				COPY_PHASE_STRIP = NO;
				DEBUG_INFORMATION_FORMAT = dwarf;
				ENABLE_STRICT_OBJC_MSGSEND = YES;
				ENABLE_TESTABILITY = YES;
				ENABLE_USER_SCRIPT_SANDBOXING = YES;
				GCC_C_LANGUAGE_STANDARD = gnu17;
				GCC_DYNAMIC_NO_PIC = NO;
				GCC_NO_COMMON_BLOCKS = YES;
				GCC_OPTIMIZATION_LEVEL = 0;
				GCC_PREPROCESSOR_DEFINITIONS = (
					"DEBUG=1",
					"$(inherited)",
				);
				GCC_WARN_64_TO_32_BIT_CONVERSION = YES;
				GCC_WARN_ABOUT_RETURN_TYPE = YES_ERROR;
				GCC_WARN_UNDECLARED_SELECTOR = YES;
				GCC_WARN_UNINITIALIZED_AUTOS = YES_AGGRESSIVE;
				GCC_WARN_UNUSED_FUNCTION = YES;
				GCC_WARN_UNUSED_VARIABLE = YES;
				IPHONEOS_DEPLOYMENT_TARGET = 17.2;
				LOCALIZATION_PREFERS_STRING_CATALOGS = YES;
				MTL_ENABLE_DEBUG_INFO = INCLUDE_SOURCE;
				MTL_FAST_MATH = YES;
				ONLY_ACTIVE_ARCH = YES;
				SDKROOT = iphoneos;
				SWIFT_ACTIVE_COMPILATION_CONDITIONS = "DEBUG $(inherited)";
				SWIFT_OPTIMIZATION_LEVEL = "-Onone";
			};
			name = Debug;
		};
		FBE7B3CB2BFB489F00A5E227 /* Release */ = {
			isa = XCBuildConfiguration;
			buildSettings = {
				ALWAYS_SEARCH_USER_PATHS = NO;
				ASSETCATALOG_COMPILER_GENERATE_SWIFT_ASSET_SYMBOL_EXTENSIONS = YES;
				CLANG_ANALYZER_NONNULL = YES;
				CLANG_ANALYZER_NUMBER_OBJECT_CONVERSION = YES_AGGRESSIVE;
				CLANG_CXX_LANGUAGE_STANDARD = "gnu++20";
				CLANG_ENABLE_MODULES = YES;
				CLANG_ENABLE_OBJC_ARC = YES;
				CLANG_ENABLE_OBJC_WEAK = YES;
				CLANG_WARN_BLOCK_CAPTURE_AUTORELEASING = YES;
				CLANG_WARN_BOOL_CONVERSION = YES;
				CLANG_WARN_COMMA = YES;
				CLANG_WARN_CONSTANT_CONVERSION = YES;
				CLANG_WARN_DEPRECATED_OBJC_IMPLEMENTATIONS = YES;
				CLANG_WARN_DIRECT_OBJC_ISA_USAGE = YES_ERROR;
				CLANG_WARN_DOCUMENTATION_COMMENTS = YES;
				CLANG_WARN_EMPTY_BODY = YES;
				CLANG_WARN_ENUM_CONVERSION = YES;
				CLANG_WARN_INFINITE_RECURSION = YES;
				CLANG_WARN_INT_CONVERSION = YES;
				CLANG_WARN_NON_LITERAL_NULL_CONVERSION = YES;
				CLANG_WARN_OBJC_IMPLICIT_RETAIN_SELF = YES;
				CLANG_WARN_OBJC_LITERAL_CONVERSION = YES;
				CLANG_WARN_OBJC_ROOT_CLASS = YES_ERROR;
				CLANG_WARN_QUOTED_INCLUDE_IN_FRAMEWORK_HEADER = YES;
				CLANG_WARN_RANGE_LOOP_ANALYSIS = YES;
				CLANG_WARN_STRICT_PROTOTYPES = YES;
				CLANG_WARN_SUSPICIOUS_MOVE = YES;
				CLANG_WARN_UNGUARDED_AVAILABILITY = YES_AGGRESSIVE;
				CLANG_WARN_UNREACHABLE_CODE = YES;
				CLANG_WARN__DUPLICATE_METHOD_MATCH = YES;
				COPY_PHASE_STRIP = NO;
				DEBUG_INFORMATION_FORMAT = "dwarf-with-dsym";
				ENABLE_NS_ASSERTIONS = NO;
				ENABLE_STRICT_OBJC_MSGSEND = YES;
				ENABLE_USER_SCRIPT_SANDBOXING = YES;
				GCC_C_LANGUAGE_STANDARD = gnu17;
				GCC_NO_COMMON_BLOCKS = YES;
				GCC_WARN_64_TO_32_BIT_CONVERSION = YES;
				GCC_WARN_ABOUT_RETURN_TYPE = YES_ERROR;
				GCC_WARN_UNDECLARED_SELECTOR = YES;
				GCC_WARN_UNINITIALIZED_AUTOS = YES_AGGRESSIVE;
				GCC_WARN_UNUSED_FUNCTION = YES;
				GCC_WARN_UNUSED_VARIABLE = YES;
				IPHONEOS_DEPLOYMENT_TARGET = 17.2;
				LOCALIZATION_PREFERS_STRING_CATALOGS = YES;
				MTL_ENABLE_DEBUG_INFO = NO;
				MTL_FAST_MATH = YES;
				SDKROOT = iphoneos;
				SWIFT_COMPILATION_MODE = wholemodule;
				VALIDATE_PRODUCT = YES;
			};
			name = Release;
		};
		FBE7B3CD2BFB489F00A5E227 /* Debug */ = {
			isa = XCBuildConfiguration;
			buildSettings = {
				ASSETCATALOG_COMPILER_APPICON_NAME = AppIcon;
				ASSETCATALOG_COMPILER_GLOBAL_ACCENT_COLOR_NAME = AccentColor;
				CODE_SIGN_STYLE = Automatic;
				CURRENT_PROJECT_VERSION = 1;
				DEVELOPMENT_ASSET_PATHS = "\"swift ui 12/Preview Content\"";
				DEVELOPMENT_TEAM = 5QBUTFAAPM;
				ENABLE_PREVIEWS = YES;
				GENERATE_INFOPLIST_FILE = YES;
				INFOPLIST_KEY_UIApplicationSceneManifest_Generation = YES;
				INFOPLIST_KEY_UIApplicationSupportsIndirectInputEvents = YES;
				INFOPLIST_KEY_UILaunchScreen_Generation = YES;
				INFOPLIST_KEY_UISupportedInterfaceOrientations_iPad = "UIInterfaceOrientationPortrait UIInterfaceOrientationPortraitUpsideDown UIInterfaceOrientationLandscapeLeft UIInterfaceOrientationLandscapeRight";
				INFOPLIST_KEY_UISupportedInterfaceOrientations_iPhone = "UIInterfaceOrientationPortrait UIInterfaceOrientationLandscapeLeft UIInterfaceOrientationLandscapeRight";
				LD_RUNPATH_SEARCH_PATHS = (
					"$(inherited)",
					"@executable_path/Frameworks",
				);
				MARKETING_VERSION = 1.0;
				PRODUCT_BUNDLE_IDENTIFIER = "com.kozlov.swift-ui-12";
				PRODUCT_NAME = "$(TARGET_NAME)";
				SWIFT_EMIT_LOC_STRINGS = YES;
				SWIFT_VERSION = 5.0;
				TARGETED_DEVICE_FAMILY = "1,2";
			};
			name = Debug;
		};
		FBE7B3CE2BFB489F00A5E227 /* Release */ = {
			isa = XCBuildConfiguration;
			buildSettings = {
				ASSETCATALOG_COMPILER_APPICON_NAME = AppIcon;
				ASSETCATALOG_COMPILER_GLOBAL_ACCENT_COLOR_NAME = AccentColor;
				CODE_SIGN_STYLE = Automatic;
				CURRENT_PROJECT_VERSION = 1;
				DEVELOPMENT_ASSET_PATHS = "\"swift ui 12/Preview Content\"";
				DEVELOPMENT_TEAM = 5QBUTFAAPM;
				ENABLE_PREVIEWS = YES;
				GENERATE_INFOPLIST_FILE = YES;
				INFOPLIST_KEY_UIApplicationSceneManifest_Generation = YES;
				INFOPLIST_KEY_UIApplicationSupportsIndirectInputEvents = YES;
				INFOPLIST_KEY_UILaunchScreen_Generation = YES;
				INFOPLIST_KEY_UISupportedInterfaceOrientations_iPad = "UIInterfaceOrientationPortrait UIInterfaceOrientationPortraitUpsideDown UIInterfaceOrientationLandscapeLeft UIInterfaceOrientationLandscapeRight";
				INFOPLIST_KEY_UISupportedInterfaceOrientations_iPhone = "UIInterfaceOrientationPortrait UIInterfaceOrientationLandscapeLeft UIInterfaceOrientationLandscapeRight";
				LD_RUNPATH_SEARCH_PATHS = (
					"$(inherited)",
					"@executable_path/Frameworks",
				);
				MARKETING_VERSION = 1.0;
				PRODUCT_BUNDLE_IDENTIFIER = "com.kozlov.swift-ui-12";
				PRODUCT_NAME = "$(TARGET_NAME)";
				SWIFT_EMIT_LOC_STRINGS = YES;
				SWIFT_VERSION = 5.0;
				TARGETED_DEVICE_FAMILY = "1,2";
			};
			name = Release;
		};
		FBE7B3D02BFB489F00A5E227 /* Debug */ = {
			isa = XCBuildConfiguration;
			buildSettings = {
				ALWAYS_EMBED_SWIFT_STANDARD_LIBRARIES = YES;
				BUNDLE_LOADER = "$(TEST_HOST)";
				CODE_SIGN_STYLE = Automatic;
				CURRENT_PROJECT_VERSION = 1;
				DEVELOPMENT_TEAM = 5QBUTFAAPM;
				GENERATE_INFOPLIST_FILE = YES;
				IPHONEOS_DEPLOYMENT_TARGET = 17.2;
				MARKETING_VERSION = 1.0;
				PRODUCT_BUNDLE_IDENTIFIER = "com.kozlov.swift-ui-12Tests";
				PRODUCT_NAME = "$(TARGET_NAME)";
				SWIFT_EMIT_LOC_STRINGS = NO;
				SWIFT_VERSION = 5.0;
				TARGETED_DEVICE_FAMILY = "1,2";
				TEST_HOST = "$(BUILT_PRODUCTS_DIR)/swift ui 12.app/$(BUNDLE_EXECUTABLE_FOLDER_PATH)/swift ui 12";
			};
			name = Debug;
		};
		FBE7B3D12BFB489F00A5E227 /* Release */ = {
			isa = XCBuildConfiguration;
			buildSettings = {
				ALWAYS_EMBED_SWIFT_STANDARD_LIBRARIES = YES;
				BUNDLE_LOADER = "$(TEST_HOST)";
				CODE_SIGN_STYLE = Automatic;
				CURRENT_PROJECT_VERSION = 1;
				DEVELOPMENT_TEAM = 5QBUTFAAPM;
				GENERATE_INFOPLIST_FILE = YES;
				IPHONEOS_DEPLOYMENT_TARGET = 17.2;
				MARKETING_VERSION = 1.0;
				PRODUCT_BUNDLE_IDENTIFIER = "com.kozlov.swift-ui-12Tests";
				PRODUCT_NAME = "$(TARGET_NAME)";
				SWIFT_EMIT_LOC_STRINGS = NO;
				SWIFT_VERSION = 5.0;
				TARGETED_DEVICE_FAMILY = "1,2";
				TEST_HOST = "$(BUILT_PRODUCTS_DIR)/swift ui 12.app/$(BUNDLE_EXECUTABLE_FOLDER_PATH)/swift ui 12";
			};
			name = Release;
		};
		FBE7B3D32BFB489F00A5E227 /* Debug */ = {
			isa = XCBuildConfiguration;
			buildSettings = {
				ALWAYS_EMBED_SWIFT_STANDARD_LIBRARIES = YES;
				CODE_SIGN_STYLE = Automatic;
				CURRENT_PROJECT_VERSION = 1;
				DEVELOPMENT_TEAM = 5QBUTFAAPM;
				GENERATE_INFOPLIST_FILE = YES;
				MARKETING_VERSION = 1.0;
				PRODUCT_BUNDLE_IDENTIFIER = "com.kozlov.swift-ui-12UITests";
				PRODUCT_NAME = "$(TARGET_NAME)";
				SWIFT_EMIT_LOC_STRINGS = NO;
				SWIFT_VERSION = 5.0;
				TARGETED_DEVICE_FAMILY = "1,2";
				TEST_TARGET_NAME = "swift ui 12";
			};
			name = Debug;
		};
		FBE7B3D42BFB489F00A5E227 /* Release */ = {
			isa = XCBuildConfiguration;
			buildSettings = {
				ALWAYS_EMBED_SWIFT_STANDARD_LIBRARIES = YES;
				CODE_SIGN_STYLE = Automatic;
				CURRENT_PROJECT_VERSION = 1;
				DEVELOPMENT_TEAM = 5QBUTFAAPM;
				GENERATE_INFOPLIST_FILE = YES;
				MARKETING_VERSION = 1.0;
				PRODUCT_BUNDLE_IDENTIFIER = "com.kozlov.swift-ui-12UITests";
				PRODUCT_NAME = "$(TARGET_NAME)";
				SWIFT_EMIT_LOC_STRINGS = NO;
				SWIFT_VERSION = 5.0;
				TARGETED_DEVICE_FAMILY = "1,2";
				TEST_TARGET_NAME = "swift ui 12";
			};
			name = Release;
		};
/* End XCBuildConfiguration section */

/* Begin XCConfigurationList section */
		FBE7B3A32BFB489A00A5E227 /* Build configuration list for PBXProject "swift ui 12" */ = {
			isa = XCConfigurationList;
			buildConfigurations = (
				FBE7B3CA2BFB489F00A5E227 /* Debug */,
				FBE7B3CB2BFB489F00A5E227 /* Release */,
			);
			defaultConfigurationIsVisible = 0;
			defaultConfigurationName = Release;
		};
		FBE7B3CC2BFB489F00A5E227 /* Build configuration list for PBXNativeTarget "swift ui 12" */ = {
			isa = XCConfigurationList;
			buildConfigurations = (
				FBE7B3CD2BFB489F00A5E227 /* Debug */,
				FBE7B3CE2BFB489F00A5E227 /* Release */,
			);
			defaultConfigurationIsVisible = 0;
			defaultConfigurationName = Release;
		};
		FBE7B3CF2BFB489F00A5E227 /* Build configuration list for PBXNativeTarget "swift ui 12Tests" */ = {
			isa = XCConfigurationList;
			buildConfigurations = (
				FBE7B3D02BFB489F00A5E227 /* Debug */,
				FBE7B3D12BFB489F00A5E227 /* Release */,
			);
			defaultConfigurationIsVisible = 0;
			defaultConfigurationName = Release;
		};
		FBE7B3D22BFB489F00A5E227 /* Build configuration list for PBXNativeTarget "swift ui 12UITests" */ = {
			isa = XCConfigurationList;
			buildConfigurations = (
				FBE7B3D32BFB489F00A5E227 /* Debug */,
				FBE7B3D42BFB489F00A5E227 /* Release */,
			);
			defaultConfigurationIsVisible = 0;
			defaultConfigurationName = Release;
		};
/* End XCConfigurationList section */
	};
	rootObject = FBE7B3A02BFB489A00A5E227 /* Project object */;
}
